// !$*UTF8*$!
{
	archiveVersion = 1;
	classes = {
	};
	objectVersion = 56;
	objects = {

/* Begin PBXBuildFile section */
		47CB5D00BCDCBB0475C5E058 /* Pods_BankMapApp.framework in Frameworks */ = {isa = PBXBuildFile; fileRef = CDF807D4667086720E7D7321 /* Pods_BankMapApp.framework */; };
		97528577297700F100FE84BA /* AppDelegate.swift in Sources */ = {isa = PBXBuildFile; fileRef = 97528576297700F100FE84BA /* AppDelegate.swift */; };
		97528579297700F100FE84BA /* SceneDelegate.swift in Sources */ = {isa = PBXBuildFile; fileRef = 97528578297700F100FE84BA /* SceneDelegate.swift */; };
		9752857B297700F100FE84BA /* MapViewController.swift in Sources */ = {isa = PBXBuildFile; fileRef = 9752857A297700F100FE84BA /* MapViewController.swift */; };
		9752857E297700F100FE84BA /* Main.storyboard in Resources */ = {isa = PBXBuildFile; fileRef = 9752857C297700F100FE84BA /* Main.storyboard */; };
		97528580297700F300FE84BA /* Assets.xcassets in Resources */ = {isa = PBXBuildFile; fileRef = 9752857F297700F300FE84BA /* Assets.xcassets */; };
		97528583297700F300FE84BA /* LaunchScreen.storyboard in Resources */ = {isa = PBXBuildFile; fileRef = 97528581297700F300FE84BA /* LaunchScreen.storyboard */; };
		9752858C2977037800FE84BA /* CurrencyExchangeProvider.swift in Sources */ = {isa = PBXBuildFile; fileRef = 9752858B2977037800FE84BA /* CurrencyExchangeProvider.swift */; };
		9752858F2977039E00FE84BA /* ATMModel.swift in Sources */ = {isa = PBXBuildFile; fileRef = 9752858E2977039E00FE84BA /* ATMModel.swift */; };
		97528592297703B400FE84BA /* APIManager.swift in Sources */ = {isa = PBXBuildFile; fileRef = 97528591297703B400FE84BA /* APIManager.swift */; };
		9752859629770FF200FE84BA /* CollectionViewCell.swift in Sources */ = {isa = PBXBuildFile; fileRef = 9752859429770FF200FE84BA /* CollectionViewCell.swift */; };
		9752859729770FF200FE84BA /* CollectionViewCell.xib in Resources */ = {isa = PBXBuildFile; fileRef = 9752859529770FF200FE84BA /* CollectionViewCell.xib */; };
		9752859C297713AB00FE84BA /* DepartmentModel.swift in Sources */ = {isa = PBXBuildFile; fileRef = 9752859B297713AB00FE84BA /* DepartmentModel.swift */; };
		97B6299F29797C6F000F6CA0 /* FilteredButton.swift in Sources */ = {isa = PBXBuildFile; fileRef = 97B6299E29797C6F000F6CA0 /* FilteredButton.swift */; };
		97B629A22979A363000F6CA0 /* GemsViewController.swift in Sources */ = {isa = PBXBuildFile; fileRef = 97B629A12979A363000F6CA0 /* GemsViewController.swift */; };
		97B629A62979A3CC000F6CA0 /* IngotsViewController.swift in Sources */ = {isa = PBXBuildFile; fileRef = 97B629A52979A3CC000F6CA0 /* IngotsViewController.swift */; };
		97B629A82979A4BE000F6CA0 /* GemModel.swift in Sources */ = {isa = PBXBuildFile; fileRef = 97B629A72979A4BE000F6CA0 /* GemModel.swift */; };
		97B629AD2979A9C4000F6CA0 /* GemsTableViewCell.swift in Sources */ = {isa = PBXBuildFile; fileRef = 97B629AB2979A9C4000F6CA0 /* GemsTableViewCell.swift */; };
		97B629AE2979A9C4000F6CA0 /* GemsTableViewCell.xib in Resources */ = {isa = PBXBuildFile; fileRef = 97B629AC2979A9C4000F6CA0 /* GemsTableViewCell.xib */; };
		97B629B12979AFA2000F6CA0 /* GemsCellTitle.swift in Sources */ = {isa = PBXBuildFile; fileRef = 97B629B02979AFA2000F6CA0 /* GemsCellTitle.swift */; };
/* End PBXBuildFile section */

/* Begin PBXFileReference section */
		97528573297700F100FE84BA /* BankMapApp.app */ = {isa = PBXFileReference; explicitFileType = wrapper.application; includeInIndex = 0; path = BankMapApp.app; sourceTree = BUILT_PRODUCTS_DIR; };
		97528576297700F100FE84BA /* AppDelegate.swift */ = {isa = PBXFileReference; lastKnownFileType = sourcecode.swift; path = AppDelegate.swift; sourceTree = "<group>"; };
		97528578297700F100FE84BA /* SceneDelegate.swift */ = {isa = PBXFileReference; lastKnownFileType = sourcecode.swift; path = SceneDelegate.swift; sourceTree = "<group>"; };
		9752857A297700F100FE84BA /* MapViewController.swift */ = {isa = PBXFileReference; lastKnownFileType = sourcecode.swift; path = MapViewController.swift; sourceTree = "<group>"; };
		9752857D297700F100FE84BA /* Base */ = {isa = PBXFileReference; lastKnownFileType = file.storyboard; name = Base; path = Base.lproj/Main.storyboard; sourceTree = "<group>"; };
		9752857F297700F300FE84BA /* Assets.xcassets */ = {isa = PBXFileReference; lastKnownFileType = folder.assetcatalog; path = Assets.xcassets; sourceTree = "<group>"; };
		97528582297700F300FE84BA /* Base */ = {isa = PBXFileReference; lastKnownFileType = file.storyboard; name = Base; path = Base.lproj/LaunchScreen.storyboard; sourceTree = "<group>"; };
		97528584297700F300FE84BA /* Info.plist */ = {isa = PBXFileReference; lastKnownFileType = text.plist.xml; path = Info.plist; sourceTree = "<group>"; };
		9752858B2977037800FE84BA /* CurrencyExchangeProvider.swift */ = {isa = PBXFileReference; lastKnownFileType = sourcecode.swift; path = CurrencyExchangeProvider.swift; sourceTree = "<group>"; };
		9752858E2977039E00FE84BA /* ATMModel.swift */ = {isa = PBXFileReference; lastKnownFileType = sourcecode.swift; path = ATMModel.swift; sourceTree = "<group>"; };
		97528591297703B400FE84BA /* APIManager.swift */ = {isa = PBXFileReference; lastKnownFileType = sourcecode.swift; path = APIManager.swift; sourceTree = "<group>"; };
		9752859429770FF200FE84BA /* CollectionViewCell.swift */ = {isa = PBXFileReference; lastKnownFileType = sourcecode.swift; path = CollectionViewCell.swift; sourceTree = "<group>"; };
		9752859529770FF200FE84BA /* CollectionViewCell.xib */ = {isa = PBXFileReference; lastKnownFileType = file.xib; path = CollectionViewCell.xib; sourceTree = "<group>"; };
		9752859B297713AB00FE84BA /* DepartmentModel.swift */ = {isa = PBXFileReference; lastKnownFileType = sourcecode.swift; path = DepartmentModel.swift; sourceTree = "<group>"; };
		97B6299E29797C6F000F6CA0 /* FilteredButton.swift */ = {isa = PBXFileReference; lastKnownFileType = sourcecode.swift; path = FilteredButton.swift; sourceTree = "<group>"; };
		97B629A12979A363000F6CA0 /* GemsViewController.swift */ = {isa = PBXFileReference; lastKnownFileType = sourcecode.swift; path = GemsViewController.swift; sourceTree = "<group>"; };
		97B629A52979A3CC000F6CA0 /* IngotsViewController.swift */ = {isa = PBXFileReference; lastKnownFileType = sourcecode.swift; path = IngotsViewController.swift; sourceTree = "<group>"; };
		97B629A72979A4BE000F6CA0 /* GemModel.swift */ = {isa = PBXFileReference; lastKnownFileType = sourcecode.swift; path = GemModel.swift; sourceTree = "<group>"; };
		97B629AB2979A9C4000F6CA0 /* GemsTableViewCell.swift */ = {isa = PBXFileReference; lastKnownFileType = sourcecode.swift; path = GemsTableViewCell.swift; sourceTree = "<group>"; };
		97B629AC2979A9C4000F6CA0 /* GemsTableViewCell.xib */ = {isa = PBXFileReference; lastKnownFileType = file.xib; path = GemsTableViewCell.xib; sourceTree = "<group>"; };
		97B629B02979AFA2000F6CA0 /* GemsCellTitle.swift */ = {isa = PBXFileReference; lastKnownFileType = sourcecode.swift; path = GemsCellTitle.swift; sourceTree = "<group>"; };
		B4C11C942B5204CDFA87AFDA /* Pods-BankMapApp.debug.xcconfig */ = {isa = PBXFileReference; includeInIndex = 1; lastKnownFileType = text.xcconfig; name = "Pods-BankMapApp.debug.xcconfig"; path = "Target Support Files/Pods-BankMapApp/Pods-BankMapApp.debug.xcconfig"; sourceTree = "<group>"; };
		CDF807D4667086720E7D7321 /* Pods_BankMapApp.framework */ = {isa = PBXFileReference; explicitFileType = wrapper.framework; includeInIndex = 0; path = Pods_BankMapApp.framework; sourceTree = BUILT_PRODUCTS_DIR; };
		F23E76B773D6880E4ECB5D4A /* Pods-BankMapApp.release.xcconfig */ = {isa = PBXFileReference; includeInIndex = 1; lastKnownFileType = text.xcconfig; name = "Pods-BankMapApp.release.xcconfig"; path = "Target Support Files/Pods-BankMapApp/Pods-BankMapApp.release.xcconfig"; sourceTree = "<group>"; };
/* End PBXFileReference section */

/* Begin PBXFrameworksBuildPhase section */
		97528570297700F100FE84BA /* Frameworks */ = {
			isa = PBXFrameworksBuildPhase;
			buildActionMask = 2147483647;
			files = (
				47CB5D00BCDCBB0475C5E058 /* Pods_BankMapApp.framework in Frameworks */,
			);
			runOnlyForDeploymentPostprocessing = 0;
		};
/* End PBXFrameworksBuildPhase section */

/* Begin PBXGroup section */
		33B0D9D45DD2A63EB0D2557D /* Pods */ = {
			isa = PBXGroup;
			children = (
				B4C11C942B5204CDFA87AFDA /* Pods-BankMapApp.debug.xcconfig */,
				F23E76B773D6880E4ECB5D4A /* Pods-BankMapApp.release.xcconfig */,
			);
			path = Pods;
			sourceTree = "<group>";
		};
		9752856A297700F100FE84BA = {
			isa = PBXGroup;
			children = (
				97528575297700F100FE84BA /* BankMapApp */,
				97528574297700F100FE84BA /* Products */,
				33B0D9D45DD2A63EB0D2557D /* Pods */,
				F8B760FBC2217F9D8FF14EF5 /* Frameworks */,
			);
			sourceTree = "<group>";
		};
		97528574297700F100FE84BA /* Products */ = {
			isa = PBXGroup;
			children = (
				97528573297700F100FE84BA /* BankMapApp.app */,
			);
			name = Products;
			sourceTree = "<group>";
		};
		97528575297700F100FE84BA /* BankMapApp */ = {
			isa = PBXGroup;
			children = (
				97B629A02979A1A0000F6CA0 /* Controllers */,
				97B6299D29797C5E000F6CA0 /* Enums */,
				9752859329770FBD00FE84BA /* Cells */,
				97528590297703AD00FE84BA /* Managers */,
				9752858D2977038A00FE84BA /* Models */,
				9752858A2977036800FE84BA /* Providers */,
				97528576297700F100FE84BA /* AppDelegate.swift */,
				97528578297700F100FE84BA /* SceneDelegate.swift */,
				9752857C297700F100FE84BA /* Main.storyboard */,
				9752857F297700F300FE84BA /* Assets.xcassets */,
				97528581297700F300FE84BA /* LaunchScreen.storyboard */,
				97528584297700F300FE84BA /* Info.plist */,
			);
			path = BankMapApp;
			sourceTree = "<group>";
		};
		9752858A2977036800FE84BA /* Providers */ = {
			isa = PBXGroup;
			children = (
				9752858B2977037800FE84BA /* CurrencyExchangeProvider.swift */,
			);
			path = Providers;
			sourceTree = "<group>";
		};
		9752858D2977038A00FE84BA /* Models */ = {
			isa = PBXGroup;
			children = (
				9752858E2977039E00FE84BA /* ATMModel.swift */,
				9752859B297713AB00FE84BA /* DepartmentModel.swift */,
				97B629A72979A4BE000F6CA0 /* GemModel.swift */,
			);
			path = Models;
			sourceTree = "<group>";
		};
		97528590297703AD00FE84BA /* Managers */ = {
			isa = PBXGroup;
			children = (
				97528591297703B400FE84BA /* APIManager.swift */,
			);
			path = Managers;
			sourceTree = "<group>";
		};
		9752859329770FBD00FE84BA /* Cells */ = {
			isa = PBXGroup;
			children = (
				97B629AA2979A98B000F6CA0 /* GemsTableViewCell */,
				97B629A92979A977000F6CA0 /* CollectionViewCell */,
			);
			path = Cells;
			sourceTree = "<group>";
		};
		97B6299D29797C5E000F6CA0 /* Enums */ = {
			isa = PBXGroup;
			children = (
				97B6299E29797C6F000F6CA0 /* FilteredButton.swift */,
				97B629B02979AFA2000F6CA0 /* GemsCellTitle.swift */,
			);
			path = Enums;
			sourceTree = "<group>";
		};
		97B629A02979A1A0000F6CA0 /* Controllers */ = {
			isa = PBXGroup;
			children = (
				9752857A297700F100FE84BA /* MapViewController.swift */,
				97B629A12979A363000F6CA0 /* GemsViewController.swift */,
				97B629A52979A3CC000F6CA0 /* IngotsViewController.swift */,
			);
			path = Controllers;
			sourceTree = "<group>";
		};
		97B629A92979A977000F6CA0 /* CollectionViewCell */ = {
			isa = PBXGroup;
			children = (
				9752859429770FF200FE84BA /* CollectionViewCell.swift */,
				9752859529770FF200FE84BA /* CollectionViewCell.xib */,
			);
			path = CollectionViewCell;
			sourceTree = "<group>";
		};
		97B629AA2979A98B000F6CA0 /* GemsTableViewCell */ = {
			isa = PBXGroup;
			children = (
				97B629AB2979A9C4000F6CA0 /* GemsTableViewCell.swift */,
				97B629AC2979A9C4000F6CA0 /* GemsTableViewCell.xib */,
			);
			path = GemsTableViewCell;
			sourceTree = "<group>";
		};
		F8B760FBC2217F9D8FF14EF5 /* Frameworks */ = {
			isa = PBXGroup;
			children = (
				CDF807D4667086720E7D7321 /* Pods_BankMapApp.framework */,
			);
			name = Frameworks;
			sourceTree = "<group>";
		};
/* End PBXGroup section */

/* Begin PBXNativeTarget section */
		97528572297700F100FE84BA /* BankMapApp */ = {
			isa = PBXNativeTarget;
			buildConfigurationList = 97528587297700F300FE84BA /* Build configuration list for PBXNativeTarget "BankMapApp" */;
			buildPhases = (
				C7D49110620836A532A40DF3 /* [CP] Check Pods Manifest.lock */,
				9752856F297700F100FE84BA /* Sources */,
				97528570297700F100FE84BA /* Frameworks */,
				97528571297700F100FE84BA /* Resources */,
				9D6A3563294819EC8C2C12FE /* [CP] Embed Pods Frameworks */,
				17E1BF628EEE409A8DAB4076 /* [CP] Copy Pods Resources */,
			);
			buildRules = (
			);
			dependencies = (
			);
			name = BankMapApp;
			productName = BankMapApp;
			productReference = 97528573297700F100FE84BA /* BankMapApp.app */;
			productType = "com.apple.product-type.application";
		};
/* End PBXNativeTarget section */

/* Begin PBXProject section */
		9752856B297700F100FE84BA /* Project object */ = {
			isa = PBXProject;
			attributes = {
				BuildIndependentTargetsInParallel = 1;
				LastSwiftUpdateCheck = 1420;
				LastUpgradeCheck = 1420;
				TargetAttributes = {
					97528572297700F100FE84BA = {
						CreatedOnToolsVersion = 14.2;
					};
				};
			};
			buildConfigurationList = 9752856E297700F100FE84BA /* Build configuration list for PBXProject "BankMapApp" */;
			compatibilityVersion = "Xcode 14.0";
			developmentRegion = en;
			hasScannedForEncodings = 0;
			knownRegions = (
				en,
				Base,
			);
			mainGroup = 9752856A297700F100FE84BA;
			productRefGroup = 97528574297700F100FE84BA /* Products */;
			projectDirPath = "";
			projectRoot = "";
			targets = (
				97528572297700F100FE84BA /* BankMapApp */,
			);
		};
/* End PBXProject section */

/* Begin PBXResourcesBuildPhase section */
		97528571297700F100FE84BA /* Resources */ = {
			isa = PBXResourcesBuildPhase;
			buildActionMask = 2147483647;
			files = (
				97B629AE2979A9C4000F6CA0 /* GemsTableViewCell.xib in Resources */,
				97528583297700F300FE84BA /* LaunchScreen.storyboard in Resources */,
				97528580297700F300FE84BA /* Assets.xcassets in Resources */,
				9752859729770FF200FE84BA /* CollectionViewCell.xib in Resources */,
				9752857E297700F100FE84BA /* Main.storyboard in Resources */,
			);
			runOnlyForDeploymentPostprocessing = 0;
		};
/* End PBXResourcesBuildPhase section */

/* Begin PBXShellScriptBuildPhase section */
		17E1BF628EEE409A8DAB4076 /* [CP] Copy Pods Resources */ = {
			isa = PBXShellScriptBuildPhase;
			buildActionMask = 2147483647;
			files = (
			);
			inputFileListPaths = (
				"${PODS_ROOT}/Target Support Files/Pods-BankMapApp/Pods-BankMapApp-resources-${CONFIGURATION}-input-files.xcfilelist",
			);
			name = "[CP] Copy Pods Resources";
			outputFileListPaths = (
				"${PODS_ROOT}/Target Support Files/Pods-BankMapApp/Pods-BankMapApp-resources-${CONFIGURATION}-output-files.xcfilelist",
			);
			runOnlyForDeploymentPostprocessing = 0;
			shellPath = /bin/sh;
			shellScript = "\"${PODS_ROOT}/Target Support Files/Pods-BankMapApp/Pods-BankMapApp-resources.sh\"\n";
			showEnvVarsInLog = 0;
		};
		9D6A3563294819EC8C2C12FE /* [CP] Embed Pods Frameworks */ = {
			isa = PBXShellScriptBuildPhase;
			buildActionMask = 2147483647;
			files = (
			);
			inputFileListPaths = (
				"${PODS_ROOT}/Target Support Files/Pods-BankMapApp/Pods-BankMapApp-frameworks-${CONFIGURATION}-input-files.xcfilelist",
			);
			name = "[CP] Embed Pods Frameworks";
			outputFileListPaths = (
				"${PODS_ROOT}/Target Support Files/Pods-BankMapApp/Pods-BankMapApp-frameworks-${CONFIGURATION}-output-files.xcfilelist",
			);
			runOnlyForDeploymentPostprocessing = 0;
			shellPath = /bin/sh;
			shellScript = "\"${PODS_ROOT}/Target Support Files/Pods-BankMapApp/Pods-BankMapApp-frameworks.sh\"\n";
			showEnvVarsInLog = 0;
		};
		C7D49110620836A532A40DF3 /* [CP] Check Pods Manifest.lock */ = {
			isa = PBXShellScriptBuildPhase;
			buildActionMask = 2147483647;
			files = (
			);
			inputFileListPaths = (
			);
			inputPaths = (
				"${PODS_PODFILE_DIR_PATH}/Podfile.lock",
				"${PODS_ROOT}/Manifest.lock",
			);
			name = "[CP] Check Pods Manifest.lock";
			outputFileListPaths = (
			);
			outputPaths = (
				"$(DERIVED_FILE_DIR)/Pods-BankMapApp-checkManifestLockResult.txt",
			);
			runOnlyForDeploymentPostprocessing = 0;
			shellPath = /bin/sh;
			shellScript = "diff \"${PODS_PODFILE_DIR_PATH}/Podfile.lock\" \"${PODS_ROOT}/Manifest.lock\" > /dev/null\nif [ $? != 0 ] ; then\n    # print error to STDERR\n    echo \"error: The sandbox is not in sync with the Podfile.lock. Run 'pod install' or update your CocoaPods installation.\" >&2\n    exit 1\nfi\n# This output is used by Xcode 'outputs' to avoid re-running this script phase.\necho \"SUCCESS\" > \"${SCRIPT_OUTPUT_FILE_0}\"\n";
			showEnvVarsInLog = 0;
		};
/* End PBXShellScriptBuildPhase section */

/* Begin PBXSourcesBuildPhase section */
		9752856F297700F100FE84BA /* Sources */ = {
			isa = PBXSourcesBuildPhase;
			buildActionMask = 2147483647;
			files = (
				97B629A62979A3CC000F6CA0 /* IngotsViewController.swift in Sources */,
				97528592297703B400FE84BA /* APIManager.swift in Sources */,
				9752857B297700F100FE84BA /* MapViewController.swift in Sources */,
				97528577297700F100FE84BA /* AppDelegate.swift in Sources */,
				9752859629770FF200FE84BA /* CollectionViewCell.swift in Sources */,
				97B6299F29797C6F000F6CA0 /* FilteredButton.swift in Sources */,
				97B629B12979AFA2000F6CA0 /* GemsCellTitle.swift in Sources */,
				97B629A22979A363000F6CA0 /* GemsViewController.swift in Sources */,
				97B629A82979A4BE000F6CA0 /* GemModel.swift in Sources */,
				9752858C2977037800FE84BA /* CurrencyExchangeProvider.swift in Sources */,
				9752859C297713AB00FE84BA /* DepartmentModel.swift in Sources */,
				9752858F2977039E00FE84BA /* ATMModel.swift in Sources */,
				97B629AD2979A9C4000F6CA0 /* GemsTableViewCell.swift in Sources */,
				97528579297700F100FE84BA /* SceneDelegate.swift in Sources */,
			);
			runOnlyForDeploymentPostprocessing = 0;
		};
/* End PBXSourcesBuildPhase section */

/* Begin PBXVariantGroup section */
		9752857C297700F100FE84BA /* Main.storyboard */ = {
			isa = PBXVariantGroup;
			children = (
				9752857D297700F100FE84BA /* Base */,
			);
			name = Main.storyboard;
			sourceTree = "<group>";
		};
		97528581297700F300FE84BA /* LaunchScreen.storyboard */ = {
			isa = PBXVariantGroup;
			children = (
				97528582297700F300FE84BA /* Base */,
			);
			name = LaunchScreen.storyboard;
			sourceTree = "<group>";
		};
/* End PBXVariantGroup section */

/* Begin XCBuildConfiguration section */
		97528585297700F300FE84BA /* Debug */ = {
			isa = XCBuildConfiguration;
			buildSettings = {
				ALWAYS_SEARCH_USER_PATHS = NO;
				CLANG_ANALYZER_NONNULL = YES;
				CLANG_ANALYZER_NUMBER_OBJECT_CONVERSION = YES_AGGRESSIVE;
				CLANG_CXX_LANGUAGE_STANDARD = "gnu++20";
				CLANG_ENABLE_MODULES = YES;
				CLANG_ENABLE_OBJC_ARC = YES;
				CLANG_ENABLE_OBJC_WEAK = YES;
				CLANG_WARN_BLOCK_CAPTURE_AUTORELEASING = YES;
				CLANG_WARN_BOOL_CONVERSION = YES;
				CLANG_WARN_COMMA = YES;
				CLANG_WARN_CONSTANT_CONVERSION = YES;
				CLANG_WARN_DEPRECATED_OBJC_IMPLEMENTATIONS = YES;
				CLANG_WARN_DIRECT_OBJC_ISA_USAGE = YES_ERROR;
				CLANG_WARN_DOCUMENTATION_COMMENTS = YES;
				CLANG_WARN_EMPTY_BODY = YES;
				CLANG_WARN_ENUM_CONVERSION = YES;
				CLANG_WARN_INFINITE_RECURSION = YES;
				CLANG_WARN_INT_CONVERSION = YES;
				CLANG_WARN_NON_LITERAL_NULL_CONVERSION = YES;
				CLANG_WARN_OBJC_IMPLICIT_RETAIN_SELF = YES;
				CLANG_WARN_OBJC_LITERAL_CONVERSION = YES;
				CLANG_WARN_OBJC_ROOT_CLASS = YES_ERROR;
				CLANG_WARN_QUOTED_INCLUDE_IN_FRAMEWORK_HEADER = YES;
				CLANG_WARN_RANGE_LOOP_ANALYSIS = YES;
				CLANG_WARN_STRICT_PROTOTYPES = YES;
				CLANG_WARN_SUSPICIOUS_MOVE = YES;
				CLANG_WARN_UNGUARDED_AVAILABILITY = YES_AGGRESSIVE;
				CLANG_WARN_UNREACHABLE_CODE = YES;
				CLANG_WARN__DUPLICATE_METHOD_MATCH = YES;
				COPY_PHASE_STRIP = NO;
				DEBUG_INFORMATION_FORMAT = dwarf;
				ENABLE_STRICT_OBJC_MSGSEND = YES;
				ENABLE_TESTABILITY = YES;
				GCC_C_LANGUAGE_STANDARD = gnu11;
				GCC_DYNAMIC_NO_PIC = NO;
				GCC_NO_COMMON_BLOCKS = YES;
				GCC_OPTIMIZATION_LEVEL = 0;
				GCC_PREPROCESSOR_DEFINITIONS = (
					"DEBUG=1",
					"$(inherited)",
				);
				GCC_WARN_64_TO_32_BIT_CONVERSION = YES;
				GCC_WARN_ABOUT_RETURN_TYPE = YES_ERROR;
				GCC_WARN_UNDECLARED_SELECTOR = YES;
				GCC_WARN_UNINITIALIZED_AUTOS = YES_AGGRESSIVE;
				GCC_WARN_UNUSED_FUNCTION = YES;
				GCC_WARN_UNUSED_VARIABLE = YES;
				IPHONEOS_DEPLOYMENT_TARGET = 16.2;
				MTL_ENABLE_DEBUG_INFO = INCLUDE_SOURCE;
				MTL_FAST_MATH = YES;
				ONLY_ACTIVE_ARCH = YES;
				SDKROOT = iphoneos;
				SWIFT_ACTIVE_COMPILATION_CONDITIONS = DEBUG;
				SWIFT_OPTIMIZATION_LEVEL = "-Onone";
			};
			name = Debug;
		};
		97528586297700F300FE84BA /* Release */ = {
			isa = XCBuildConfiguration;
			buildSettings = {
				ALWAYS_SEARCH_USER_PATHS = NO;
				CLANG_ANALYZER_NONNULL = YES;
				CLANG_ANALYZER_NUMBER_OBJECT_CONVERSION = YES_AGGRESSIVE;
				CLANG_CXX_LANGUAGE_STANDARD = "gnu++20";
				CLANG_ENABLE_MODULES = YES;
				CLANG_ENABLE_OBJC_ARC = YES;
				CLANG_ENABLE_OBJC_WEAK = YES;
				CLANG_WARN_BLOCK_CAPTURE_AUTORELEASING = YES;
				CLANG_WARN_BOOL_CONVERSION = YES;
				CLANG_WARN_COMMA = YES;
				CLANG_WARN_CONSTANT_CONVERSION = YES;
				CLANG_WARN_DEPRECATED_OBJC_IMPLEMENTATIONS = YES;
				CLANG_WARN_DIRECT_OBJC_ISA_USAGE = YES_ERROR;
				CLANG_WARN_DOCUMENTATION_COMMENTS = YES;
				CLANG_WARN_EMPTY_BODY = YES;
				CLANG_WARN_ENUM_CONVERSION = YES;
				CLANG_WARN_INFINITE_RECURSION = YES;
				CLANG_WARN_INT_CONVERSION = YES;
				CLANG_WARN_NON_LITERAL_NULL_CONVERSION = YES;
				CLANG_WARN_OBJC_IMPLICIT_RETAIN_SELF = YES;
				CLANG_WARN_OBJC_LITERAL_CONVERSION = YES;
				CLANG_WARN_OBJC_ROOT_CLASS = YES_ERROR;
				CLANG_WARN_QUOTED_INCLUDE_IN_FRAMEWORK_HEADER = YES;
				CLANG_WARN_RANGE_LOOP_ANALYSIS = YES;
				CLANG_WARN_STRICT_PROTOTYPES = YES;
				CLANG_WARN_SUSPICIOUS_MOVE = YES;
				CLANG_WARN_UNGUARDED_AVAILABILITY = YES_AGGRESSIVE;
				CLANG_WARN_UNREACHABLE_CODE = YES;
				CLANG_WARN__DUPLICATE_METHOD_MATCH = YES;
				COPY_PHASE_STRIP = NO;
				DEBUG_INFORMATION_FORMAT = "dwarf-with-dsym";
				ENABLE_NS_ASSERTIONS = NO;
				ENABLE_STRICT_OBJC_MSGSEND = YES;
				GCC_C_LANGUAGE_STANDARD = gnu11;
				GCC_NO_COMMON_BLOCKS = YES;
				GCC_WARN_64_TO_32_BIT_CONVERSION = YES;
				GCC_WARN_ABOUT_RETURN_TYPE = YES_ERROR;
				GCC_WARN_UNDECLARED_SELECTOR = YES;
				GCC_WARN_UNINITIALIZED_AUTOS = YES_AGGRESSIVE;
				GCC_WARN_UNUSED_FUNCTION = YES;
				GCC_WARN_UNUSED_VARIABLE = YES;
				IPHONEOS_DEPLOYMENT_TARGET = 16.2;
				MTL_ENABLE_DEBUG_INFO = NO;
				MTL_FAST_MATH = YES;
				SDKROOT = iphoneos;
				SWIFT_COMPILATION_MODE = wholemodule;
				SWIFT_OPTIMIZATION_LEVEL = "-O";
				VALIDATE_PRODUCT = YES;
			};
			name = Release;
		};
		97528588297700F300FE84BA /* Debug */ = {
			isa = XCBuildConfiguration;
			baseConfigurationReference = B4C11C942B5204CDFA87AFDA /* Pods-BankMapApp.debug.xcconfig */;
			buildSettings = {
				ASSETCATALOG_COMPILER_APPICON_NAME = AppIcon;
				ASSETCATALOG_COMPILER_GLOBAL_ACCENT_COLOR_NAME = AccentColor;
				CODE_SIGN_STYLE = Automatic;
				CURRENT_PROJECT_VERSION = 1;
				DEVELOPMENT_TEAM = 3Q7G5DB7T3;
				GENERATE_INFOPLIST_FILE = YES;
				INFOPLIST_FILE = BankMapApp/Info.plist;
				INFOPLIST_KEY_NSLocationAlwaysAndWhenInUseUsageDescription = "Where are you";
				INFOPLIST_KEY_NSLocationAlwaysUsageDescription = "Where are you";
				INFOPLIST_KEY_NSLocationUsageDescription = "Where are you";
				INFOPLIST_KEY_NSLocationWhenInUseUsageDescription = "Where are you";
				INFOPLIST_KEY_UIApplicationSupportsIndirectInputEvents = YES;
				INFOPLIST_KEY_UILaunchStoryboardName = LaunchScreen;
				INFOPLIST_KEY_UIMainStoryboardFile = Main;
				INFOPLIST_KEY_UISupportedInterfaceOrientations_iPad = "UIInterfaceOrientationPortrait UIInterfaceOrientationPortraitUpsideDown UIInterfaceOrientationLandscapeLeft UIInterfaceOrientationLandscapeRight";
				INFOPLIST_KEY_UISupportedInterfaceOrientations_iPhone = "UIInterfaceOrientationPortrait UIInterfaceOrientationLandscapeLeft UIInterfaceOrientationLandscapeRight";
				LD_RUNPATH_SEARCH_PATHS = (
					"$(inherited)",
					"@executable_path/Frameworks",
				);
				MARKETING_VERSION = 1.0;
				PRODUCT_BUNDLE_IDENTIFIER = by.rastsisheuski.BankMapApp;
				PRODUCT_NAME = "$(TARGET_NAME)";
				SWIFT_EMIT_LOC_STRINGS = YES;
				SWIFT_VERSION = 5.0;
				TARGETED_DEVICE_FAMILY = "1,2";
			};
			name = Debug;
		};
		97528589297700F300FE84BA /* Release */ = {
			isa = XCBuildConfiguration;
			baseConfigurationReference = F23E76B773D6880E4ECB5D4A /* Pods-BankMapApp.release.xcconfig */;
			buildSettings = {
				ASSETCATALOG_COMPILER_APPICON_NAME = AppIcon;
				ASSETCATALOG_COMPILER_GLOBAL_ACCENT_COLOR_NAME = AccentColor;
				CODE_SIGN_STYLE = Automatic;
				CURRENT_PROJECT_VERSION = 1;
				DEVELOPMENT_TEAM = 3Q7G5DB7T3;
				GENERATE_INFOPLIST_FILE = YES;
				INFOPLIST_FILE = BankMapApp/Info.plist;
				INFOPLIST_KEY_NSLocationAlwaysAndWhenInUseUsageDescription = "Where are you";
				INFOPLIST_KEY_NSLocationAlwaysUsageDescription = "Where are you";
				INFOPLIST_KEY_NSLocationUsageDescription = "Where are you";
				INFOPLIST_KEY_NSLocationWhenInUseUsageDescription = "Where are you";
				INFOPLIST_KEY_UIApplicationSupportsIndirectInputEvents = YES;
				INFOPLIST_KEY_UILaunchStoryboardName = LaunchScreen;
				INFOPLIST_KEY_UIMainStoryboardFile = Main;
				INFOPLIST_KEY_UISupportedInterfaceOrientations_iPad = "UIInterfaceOrientationPortrait UIInterfaceOrientationPortraitUpsideDown UIInterfaceOrientationLandscapeLeft UIInterfaceOrientationLandscapeRight";
				INFOPLIST_KEY_UISupportedInterfaceOrientations_iPhone = "UIInterfaceOrientationPortrait UIInterfaceOrientationLandscapeLeft UIInterfaceOrientationLandscapeRight";
				LD_RUNPATH_SEARCH_PATHS = (
					"$(inherited)",
					"@executable_path/Frameworks",
				);
				MARKETING_VERSION = 1.0;
				PRODUCT_BUNDLE_IDENTIFIER = by.rastsisheuski.BankMapApp;
				PRODUCT_NAME = "$(TARGET_NAME)";
				SWIFT_EMIT_LOC_STRINGS = YES;
				SWIFT_VERSION = 5.0;
				TARGETED_DEVICE_FAMILY = "1,2";
			};
			name = Release;
		};
/* End XCBuildConfiguration section */

/* Begin XCConfigurationList section */
		9752856E297700F100FE84BA /* Build configuration list for PBXProject "BankMapApp" */ = {
			isa = XCConfigurationList;
			buildConfigurations = (
				97528585297700F300FE84BA /* Debug */,
				97528586297700F300FE84BA /* Release */,
			);
			defaultConfigurationIsVisible = 0;
			defaultConfigurationName = Release;
		};
		97528587297700F300FE84BA /* Build configuration list for PBXNativeTarget "BankMapApp" */ = {
			isa = XCConfigurationList;
			buildConfigurations = (
				97528588297700F300FE84BA /* Debug */,
				97528589297700F300FE84BA /* Release */,
			);
			defaultConfigurationIsVisible = 0;
			defaultConfigurationName = Release;
		};
/* End XCConfigurationList section */
	};
	rootObject = 9752856B297700F100FE84BA /* Project object */;
}
